// !$*UTF8*$!
{
	archiveVersion = 1;
	classes = {
	};
	objectVersion = 46;
	objects = {

/* Begin PBXBuildFile section */
		A835A9DB1D40BBF0009572FD /* CoreDataStackManager.swift in Sources */ = {isa = PBXBuildFile; fileRef = A835A9DA1D40BBF0009572FD /* CoreDataStackManager.swift */; };
		A835A9E71D421B4B009572FD /* PhotoCell.swift in Sources */ = {isa = PBXBuildFile; fileRef = A835A9E61D421B4B009572FD /* PhotoCell.swift */; };
		A835A9EC1D4D1596009572FD /* Pin+CoreDataProperties.swift in Sources */ = {isa = PBXBuildFile; fileRef = A835A9EA1D4D1596009572FD /* Pin+CoreDataProperties.swift */; };
		A835A9ED1D4D1596009572FD /* Pin.swift in Sources */ = {isa = PBXBuildFile; fileRef = A835A9EB1D4D1596009572FD /* Pin.swift */; };
		A85518481D27E3A00004AA35 /* AppDelegate.swift in Sources */ = {isa = PBXBuildFile; fileRef = A85518471D27E3A00004AA35 /* AppDelegate.swift */; };
		A855184A1D27E3A00004AA35 /* ViewController.swift in Sources */ = {isa = PBXBuildFile; fileRef = A85518491D27E3A00004AA35 /* ViewController.swift */; };
		A855184F1D27E3A00004AA35 /* Assets.xcassets in Resources */ = {isa = PBXBuildFile; fileRef = A855184E1D27E3A00004AA35 /* Assets.xcassets */; };
		A85518521D27E3A00004AA35 /* LaunchScreen.storyboard in Resources */ = {isa = PBXBuildFile; fileRef = A85518501D27E3A00004AA35 /* LaunchScreen.storyboard */; };
		A855185D1D27E3A00004AA35 /* VirtualTouristTests.swift in Sources */ = {isa = PBXBuildFile; fileRef = A855185C1D27E3A00004AA35 /* VirtualTouristTests.swift */; };
		A85518681D27E3A00004AA35 /* VirtualTouristUITests.swift in Sources */ = {isa = PBXBuildFile; fileRef = A85518671D27E3A00004AA35 /* VirtualTouristUITests.swift */; };
		A85518771D27E3F40004AA35 /* Model.xcdatamodeld in Sources */ = {isa = PBXBuildFile; fileRef = A85518751D27E3F40004AA35 /* Model.xcdatamodeld */; };
		A855187A1D27ED3C0004AA35 /* CoreDataStack.swift in Sources */ = {isa = PBXBuildFile; fileRef = A85518791D27ED3C0004AA35 /* CoreDataStack.swift */; };
		A855188E1D2E74EC0004AA35 /* Photo+CoreDataProperties.swift in Sources */ = {isa = PBXBuildFile; fileRef = A855188A1D2E74EC0004AA35 /* Photo+CoreDataProperties.swift */; };
		A855188F1D2E74EC0004AA35 /* Photo.swift in Sources */ = {isa = PBXBuildFile; fileRef = A855188B1D2E74EC0004AA35 /* Photo.swift */; };
		A85518991D2EA5990004AA35 /* Main.storyboard in Resources */ = {isa = PBXBuildFile; fileRef = A85518981D2EA5990004AA35 /* Main.storyboard */; };
		A855189C1D32B47A0004AA35 /* Constants.swift in Sources */ = {isa = PBXBuildFile; fileRef = A855189B1D32B47A0004AA35 /* Constants.swift */; };
		A855189E1D32B4CE0004AA35 /* GCDBlackBox.swift in Sources */ = {isa = PBXBuildFile; fileRef = A855189D1D32B4CE0004AA35 /* GCDBlackBox.swift */; };
		A85518A01D32B54C0004AA35 /* AnnotationObject.swift in Sources */ = {isa = PBXBuildFile; fileRef = A855189F1D32B54C0004AA35 /* AnnotationObject.swift */; };
		A85518A21D3547150004AA35 /* FlickrClient.swift in Sources */ = {isa = PBXBuildFile; fileRef = A85518A11D3547150004AA35 /* FlickrClient.swift */; };
		A85518A41D3552940004AA35 /* AppData.swift in Sources */ = {isa = PBXBuildFile; fileRef = A85518A31D3552940004AA35 /* AppData.swift */; };
		A85518A61D3909250004AA35 /* TravelLocationsMapViewController.swift in Sources */ = {isa = PBXBuildFile; fileRef = A85518A51D3909250004AA35 /* TravelLocationsMapViewController.swift */; };
		A85518A81D3AE18D0004AA35 /* PhotoAlbumViewController.swift in Sources */ = {isa = PBXBuildFile; fileRef = A85518A71D3AE18D0004AA35 /* PhotoAlbumViewController.swift */; };
		A8E682161D53C2EC00B80891 /* placeholder.png in Resources */ = {isa = PBXBuildFile; fileRef = A8E682151D53C2EC00B80891 /* placeholder.png */; };
		A8E682181D53E80300B80891 /* 120px-Placeholder.png in Resources */ = {isa = PBXBuildFile; fileRef = A8E682171D53E80300B80891 /* 120px-Placeholder.png */; };
		A8E6821A1D53EBAF00B80891 /* placeholder-2.png in Resources */ = {isa = PBXBuildFile; fileRef = A8E682191D53EBAF00B80891 /* placeholder-2.png */; };
/* End PBXBuildFile section */

/* Begin PBXContainerItemProxy section */
		A85518591D27E3A00004AA35 /* PBXContainerItemProxy */ = {
			isa = PBXContainerItemProxy;
			containerPortal = A855183C1D27E3A00004AA35 /* Project object */;
			proxyType = 1;
			remoteGlobalIDString = A85518431D27E3A00004AA35;
			remoteInfo = VirtualTourist;
		};
		A85518641D27E3A00004AA35 /* PBXContainerItemProxy */ = {
			isa = PBXContainerItemProxy;
			containerPortal = A855183C1D27E3A00004AA35 /* Project object */;
			proxyType = 1;
			remoteGlobalIDString = A85518431D27E3A00004AA35;
			remoteInfo = VirtualTourist;
		};
/* End PBXContainerItemProxy section */

/* Begin PBXFileReference section */
		A835A9DA1D40BBF0009572FD /* CoreDataStackManager.swift */ = {isa = PBXFileReference; fileEncoding = 4; lastKnownFileType = sourcecode.swift; path = CoreDataStackManager.swift; sourceTree = "<group>"; };
		A835A9E61D421B4B009572FD /* PhotoCell.swift */ = {isa = PBXFileReference; fileEncoding = 4; lastKnownFileType = sourcecode.swift; path = PhotoCell.swift; sourceTree = "<group>"; };
		A835A9EA1D4D1596009572FD /* Pin+CoreDataProperties.swift */ = {isa = PBXFileReference; fileEncoding = 4; lastKnownFileType = sourcecode.swift; path = "Pin+CoreDataProperties.swift"; sourceTree = "<group>"; };
		A835A9EB1D4D1596009572FD /* Pin.swift */ = {isa = PBXFileReference; fileEncoding = 4; lastKnownFileType = sourcecode.swift; path = Pin.swift; sourceTree = "<group>"; };
		A85518441D27E3A00004AA35 /* VirtualTourist.app */ = {isa = PBXFileReference; explicitFileType = wrapper.application; includeInIndex = 0; path = VirtualTourist.app; sourceTree = BUILT_PRODUCTS_DIR; };
		A85518471D27E3A00004AA35 /* AppDelegate.swift */ = {isa = PBXFileReference; lastKnownFileType = sourcecode.swift; path = AppDelegate.swift; sourceTree = "<group>"; };
		A85518491D27E3A00004AA35 /* ViewController.swift */ = {isa = PBXFileReference; lastKnownFileType = sourcecode.swift; path = ViewController.swift; sourceTree = "<group>"; };
		A855184E1D27E3A00004AA35 /* Assets.xcassets */ = {isa = PBXFileReference; lastKnownFileType = folder.assetcatalog; path = Assets.xcassets; sourceTree = "<group>"; };
		A85518511D27E3A00004AA35 /* Base */ = {isa = PBXFileReference; lastKnownFileType = file.storyboard; name = Base; path = Base.lproj/LaunchScreen.storyboard; sourceTree = "<group>"; };
		A85518531D27E3A00004AA35 /* Info.plist */ = {isa = PBXFileReference; lastKnownFileType = text.plist.xml; path = Info.plist; sourceTree = "<group>"; };
		A85518581D27E3A00004AA35 /* VirtualTouristTests.xctest */ = {isa = PBXFileReference; explicitFileType = wrapper.cfbundle; includeInIndex = 0; path = VirtualTouristTests.xctest; sourceTree = BUILT_PRODUCTS_DIR; };
		A855185C1D27E3A00004AA35 /* VirtualTouristTests.swift */ = {isa = PBXFileReference; lastKnownFileType = sourcecode.swift; path = VirtualTouristTests.swift; sourceTree = "<group>"; };
		A855185E1D27E3A00004AA35 /* Info.plist */ = {isa = PBXFileReference; lastKnownFileType = text.plist.xml; path = Info.plist; sourceTree = "<group>"; };
		A85518631D27E3A00004AA35 /* VirtualTouristUITests.xctest */ = {isa = PBXFileReference; explicitFileType = wrapper.cfbundle; includeInIndex = 0; path = VirtualTouristUITests.xctest; sourceTree = BUILT_PRODUCTS_DIR; };
		A85518671D27E3A00004AA35 /* VirtualTouristUITests.swift */ = {isa = PBXFileReference; lastKnownFileType = sourcecode.swift; path = VirtualTouristUITests.swift; sourceTree = "<group>"; };
		A85518691D27E3A00004AA35 /* Info.plist */ = {isa = PBXFileReference; lastKnownFileType = text.plist.xml; path = Info.plist; sourceTree = "<group>"; };
		A85518761D27E3F40004AA35 /* Model.xcdatamodel */ = {isa = PBXFileReference; lastKnownFileType = wrapper.xcdatamodel; path = Model.xcdatamodel; sourceTree = "<group>"; };
		A85518791D27ED3C0004AA35 /* CoreDataStack.swift */ = {isa = PBXFileReference; fileEncoding = 4; lastKnownFileType = sourcecode.swift; path = CoreDataStack.swift; sourceTree = "<group>"; };
		A855188A1D2E74EC0004AA35 /* Photo+CoreDataProperties.swift */ = {isa = PBXFileReference; fileEncoding = 4; lastKnownFileType = sourcecode.swift; name = "Photo+CoreDataProperties.swift"; path = "../Photo+CoreDataProperties.swift"; sourceTree = "<group>"; };
		A855188B1D2E74EC0004AA35 /* Photo.swift */ = {isa = PBXFileReference; fileEncoding = 4; lastKnownFileType = sourcecode.swift; name = Photo.swift; path = ../Photo.swift; sourceTree = "<group>"; };
		A85518981D2EA5990004AA35 /* Main.storyboard */ = {isa = PBXFileReference; fileEncoding = 4; lastKnownFileType = file.storyboard; path = Main.storyboard; sourceTree = "<group>"; };
		A855189B1D32B47A0004AA35 /* Constants.swift */ = {isa = PBXFileReference; fileEncoding = 4; lastKnownFileType = sourcecode.swift; path = Constants.swift; sourceTree = "<group>"; };
		A855189D1D32B4CE0004AA35 /* GCDBlackBox.swift */ = {isa = PBXFileReference; fileEncoding = 4; lastKnownFileType = sourcecode.swift; path = GCDBlackBox.swift; sourceTree = "<group>"; };
		A855189F1D32B54C0004AA35 /* AnnotationObject.swift */ = {isa = PBXFileReference; fileEncoding = 4; lastKnownFileType = sourcecode.swift; path = AnnotationObject.swift; sourceTree = "<group>"; };
		A85518A11D3547150004AA35 /* FlickrClient.swift */ = {isa = PBXFileReference; fileEncoding = 4; lastKnownFileType = sourcecode.swift; path = FlickrClient.swift; sourceTree = "<group>"; };
		A85518A31D3552940004AA35 /* AppData.swift */ = {isa = PBXFileReference; fileEncoding = 4; lastKnownFileType = sourcecode.swift; path = AppData.swift; sourceTree = "<group>"; };
		A85518A51D3909250004AA35 /* TravelLocationsMapViewController.swift */ = {isa = PBXFileReference; fileEncoding = 4; lastKnownFileType = sourcecode.swift; path = TravelLocationsMapViewController.swift; sourceTree = "<group>"; };
		A85518A71D3AE18D0004AA35 /* PhotoAlbumViewController.swift */ = {isa = PBXFileReference; fileEncoding = 4; lastKnownFileType = sourcecode.swift; path = PhotoAlbumViewController.swift; sourceTree = "<group>"; };
		A8E682151D53C2EC00B80891 /* placeholder.png */ = {isa = PBXFileReference; lastKnownFileType = image.png; path = placeholder.png; sourceTree = "<group>"; };
		A8E682171D53E80300B80891 /* 120px-Placeholder.png */ = {isa = PBXFileReference; lastKnownFileType = image.png; path = "120px-Placeholder.png"; sourceTree = "<group>"; };
		A8E682191D53EBAF00B80891 /* placeholder-2.png */ = {isa = PBXFileReference; lastKnownFileType = image.png; path = "placeholder-2.png"; sourceTree = "<group>"; };
/* End PBXFileReference section */

/* Begin PBXFrameworksBuildPhase section */
		A85518411D27E3A00004AA35 /* Frameworks */ = {
			isa = PBXFrameworksBuildPhase;
			buildActionMask = 2147483647;
			files = (
			);
			runOnlyForDeploymentPostprocessing = 0;
		};
		A85518551D27E3A00004AA35 /* Frameworks */ = {
			isa = PBXFrameworksBuildPhase;
			buildActionMask = 2147483647;
			files = (
			);
			runOnlyForDeploymentPostprocessing = 0;
		};
		A85518601D27E3A00004AA35 /* Frameworks */ = {
			isa = PBXFrameworksBuildPhase;
			buildActionMask = 2147483647;
			files = (
			);
			runOnlyForDeploymentPostprocessing = 0;
		};
/* End PBXFrameworksBuildPhase section */

/* Begin PBXGroup section */
		A855183B1D27E3A00004AA35 = {
			isa = PBXGroup;
			children = (
				A835A9EA1D4D1596009572FD /* Pin+CoreDataProperties.swift */,
				A835A9EB1D4D1596009572FD /* Pin.swift */,
				A85518461D27E3A00004AA35 /* VirtualTourist */,
				A855185B1D27E3A00004AA35 /* VirtualTouristTests */,
				A85518661D27E3A00004AA35 /* VirtualTouristUITests */,
				A85518451D27E3A00004AA35 /* Products */,
			);
			sourceTree = "<group>";
		};
		A85518451D27E3A00004AA35 /* Products */ = {
			isa = PBXGroup;
			children = (
				A85518441D27E3A00004AA35 /* VirtualTourist.app */,
				A85518581D27E3A00004AA35 /* VirtualTouristTests.xctest */,
				A85518631D27E3A00004AA35 /* VirtualTouristUITests.xctest */,
			);
			name = Products;
			sourceTree = "<group>";
		};
		A85518461D27E3A00004AA35 /* VirtualTourist */ = {
			isa = PBXGroup;
			children = (
				A85518831D2D0E330004AA35 /* Controllers */,
				A85518781D27EBB70004AA35 /* Model */,
				A85518471D27E3A00004AA35 /* AppDelegate.swift */,
				A85518491D27E3A00004AA35 /* ViewController.swift */,
				A855184E1D27E3A00004AA35 /* Assets.xcassets */,
				A85518501D27E3A00004AA35 /* LaunchScreen.storyboard */,
				A85518531D27E3A00004AA35 /* Info.plist */,
			);
			path = VirtualTourist;
			sourceTree = "<group>";
		};
		A855185B1D27E3A00004AA35 /* VirtualTouristTests */ = {
			isa = PBXGroup;
			children = (
				A855185C1D27E3A00004AA35 /* VirtualTouristTests.swift */,
				A855185E1D27E3A00004AA35 /* Info.plist */,
			);
			path = VirtualTouristTests;
			sourceTree = "<group>";
		};
		A85518661D27E3A00004AA35 /* VirtualTouristUITests */ = {
			isa = PBXGroup;
			children = (
				A85518671D27E3A00004AA35 /* VirtualTouristUITests.swift */,
				A85518691D27E3A00004AA35 /* Info.plist */,
			);
			path = VirtualTouristUITests;
			sourceTree = "<group>";
		};
		A85518781D27EBB70004AA35 /* Model */ = {
			isa = PBXGroup;
			children = (
				A855189A1D32B42A0004AA35 /* Clients */,
				A85518791D27ED3C0004AA35 /* CoreDataStack.swift */,
				A835A9DA1D40BBF0009572FD /* CoreDataStackManager.swift */,
				A855188A1D2E74EC0004AA35 /* Photo+CoreDataProperties.swift */,
				A8E682151D53C2EC00B80891 /* placeholder.png */,
				A8E682171D53E80300B80891 /* 120px-Placeholder.png */,
				A855188B1D2E74EC0004AA35 /* Photo.swift */,
				A85518751D27E3F40004AA35 /* Model.xcdatamodeld */,
				A8E682191D53EBAF00B80891 /* placeholder-2.png */,
			);
			name = Model;
			sourceTree = "<group>";
		};
		A85518831D2D0E330004AA35 /* Controllers */ = {
			isa = PBXGroup;
			children = (
				A85518A51D3909250004AA35 /* TravelLocationsMapViewController.swift */,
				A85518A71D3AE18D0004AA35 /* PhotoAlbumViewController.swift */,
				A835A9E61D421B4B009572FD /* PhotoCell.swift */,
				A85518981D2EA5990004AA35 /* Main.storyboard */,
			);
			name = Controllers;
			sourceTree = "<group>";
		};
		A855189A1D32B42A0004AA35 /* Clients */ = {
			isa = PBXGroup;
			children = (
				A855189B1D32B47A0004AA35 /* Constants.swift */,
				A85518A11D3547150004AA35 /* FlickrClient.swift */,
				A85518A31D3552940004AA35 /* AppData.swift */,
				A855189D1D32B4CE0004AA35 /* GCDBlackBox.swift */,
				A855189F1D32B54C0004AA35 /* AnnotationObject.swift */,
			);
			name = Clients;
			sourceTree = "<group>";
		};
/* End PBXGroup section */

/* Begin PBXNativeTarget section */
		A85518431D27E3A00004AA35 /* VirtualTourist */ = {
			isa = PBXNativeTarget;
			buildConfigurationList = A855186C1D27E3A00004AA35 /* Build configuration list for PBXNativeTarget "VirtualTourist" */;
			buildPhases = (
				A85518401D27E3A00004AA35 /* Sources */,
				A85518411D27E3A00004AA35 /* Frameworks */,
				A85518421D27E3A00004AA35 /* Resources */,
			);
			buildRules = (
			);
			dependencies = (
			);
			name = VirtualTourist;
			productName = VirtualTourist;
			productReference = A85518441D27E3A00004AA35 /* VirtualTourist.app */;
			productType = "com.apple.product-type.application";
		};
		A85518571D27E3A00004AA35 /* VirtualTouristTests */ = {
			isa = PBXNativeTarget;
			buildConfigurationList = A855186F1D27E3A00004AA35 /* Build configuration list for PBXNativeTarget "VirtualTouristTests" */;
			buildPhases = (
				A85518541D27E3A00004AA35 /* Sources */,
				A85518551D27E3A00004AA35 /* Frameworks */,
				A85518561D27E3A00004AA35 /* Resources */,
			);
			buildRules = (
			);
			dependencies = (
				A855185A1D27E3A00004AA35 /* PBXTargetDependency */,
			);
			name = VirtualTouristTests;
			productName = VirtualTouristTests;
			productReference = A85518581D27E3A00004AA35 /* VirtualTouristTests.xctest */;
			productType = "com.apple.product-type.bundle.unit-test";
		};
		A85518621D27E3A00004AA35 /* VirtualTouristUITests */ = {
			isa = PBXNativeTarget;
			buildConfigurationList = A85518721D27E3A00004AA35 /* Build configuration list for PBXNativeTarget "VirtualTouristUITests" */;
			buildPhases = (
				A855185F1D27E3A00004AA35 /* Sources */,
				A85518601D27E3A00004AA35 /* Frameworks */,
				A85518611D27E3A00004AA35 /* Resources */,
			);
			buildRules = (
			);
			dependencies = (
				A85518651D27E3A00004AA35 /* PBXTargetDependency */,
			);
			name = VirtualTouristUITests;
			productName = VirtualTouristUITests;
			productReference = A85518631D27E3A00004AA35 /* VirtualTouristUITests.xctest */;
			productType = "com.apple.product-type.bundle.ui-testing";
		};
/* End PBXNativeTarget section */

/* Begin PBXProject section */
		A855183C1D27E3A00004AA35 /* Project object */ = {
			isa = PBXProject;
			attributes = {
				LastSwiftUpdateCheck = 0730;
				LastUpgradeCheck = 0730;
				ORGANIZATIONNAME = "Robert Coffey";
				TargetAttributes = {
					A85518431D27E3A00004AA35 = {
						CreatedOnToolsVersion = 7.3.1;
						DevelopmentTeam = DB335PX644;
					};
					A85518571D27E3A00004AA35 = {
						CreatedOnToolsVersion = 7.3.1;
						DevelopmentTeam = DB335PX644;
						TestTargetID = A85518431D27E3A00004AA35;
					};
					A85518621D27E3A00004AA35 = {
						CreatedOnToolsVersion = 7.3.1;
						DevelopmentTeam = DB335PX644;
						TestTargetID = A85518431D27E3A00004AA35;
					};
				};
			};
			buildConfigurationList = A855183F1D27E3A00004AA35 /* Build configuration list for PBXProject "VirtualTourist" */;
			compatibilityVersion = "Xcode 3.2";
			developmentRegion = English;
			hasScannedForEncodings = 0;
			knownRegions = (
				en,
				Base,
			);
			mainGroup = A855183B1D27E3A00004AA35;
			productRefGroup = A85518451D27E3A00004AA35 /* Products */;
			projectDirPath = "";
			projectRoot = "";
			targets = (
				A85518431D27E3A00004AA35 /* VirtualTourist */,
				A85518571D27E3A00004AA35 /* VirtualTouristTests */,
				A85518621D27E3A00004AA35 /* VirtualTouristUITests */,
			);
		};
/* End PBXProject section */

/* Begin PBXResourcesBuildPhase section */
		A85518421D27E3A00004AA35 /* Resources */ = {
			isa = PBXResourcesBuildPhase;
			buildActionMask = 2147483647;
			files = (
				A8E6821A1D53EBAF00B80891 /* placeholder-2.png in Resources */,
				A85518991D2EA5990004AA35 /* Main.storyboard in Resources */,
				A8E682181D53E80300B80891 /* 120px-Placeholder.png in Resources */,
				A8E682161D53C2EC00B80891 /* placeholder.png in Resources */,
				A85518521D27E3A00004AA35 /* LaunchScreen.storyboard in Resources */,
				A855184F1D27E3A00004AA35 /* Assets.xcassets in Resources */,
			);
			runOnlyForDeploymentPostprocessing = 0;
		};
		A85518561D27E3A00004AA35 /* Resources */ = {
			isa = PBXResourcesBuildPhase;
			buildActionMask = 2147483647;
			files = (
			);
			runOnlyForDeploymentPostprocessing = 0;
		};
		A85518611D27E3A00004AA35 /* Resources */ = {
			isa = PBXResourcesBuildPhase;
			buildActionMask = 2147483647;
			files = (
			);
			runOnlyForDeploymentPostprocessing = 0;
		};
/* End PBXResourcesBuildPhase section */

/* Begin PBXSourcesBuildPhase section */
		A85518401D27E3A00004AA35 /* Sources */ = {
			isa = PBXSourcesBuildPhase;
			buildActionMask = 2147483647;
			files = (
				A855184A1D27E3A00004AA35 /* ViewController.swift in Sources */,
				A835A9ED1D4D1596009572FD /* Pin.swift in Sources */,
				A85518A81D3AE18D0004AA35 /* PhotoAlbumViewController.swift in Sources */,
				A85518481D27E3A00004AA35 /* AppDelegate.swift in Sources */,
				A85518771D27E3F40004AA35 /* Model.xcdatamodeld in Sources */,
				A855189E1D32B4CE0004AA35 /* GCDBlackBox.swift in Sources */,
				A85518A21D3547150004AA35 /* FlickrClient.swift in Sources */,
				A855188F1D2E74EC0004AA35 /* Photo.swift in Sources */,
				A855189C1D32B47A0004AA35 /* Constants.swift in Sources */,
				A855187A1D27ED3C0004AA35 /* CoreDataStack.swift in Sources */,
				A835A9EC1D4D1596009572FD /* Pin+CoreDataProperties.swift in Sources */,
				A835A9DB1D40BBF0009572FD /* CoreDataStackManager.swift in Sources */,
				A85518A41D3552940004AA35 /* AppData.swift in Sources */,
				A85518A61D3909250004AA35 /* TravelLocationsMapViewController.swift in Sources */,
				A85518A01D32B54C0004AA35 /* AnnotationObject.swift in Sources */,
				A855188E1D2E74EC0004AA35 /* Photo+CoreDataProperties.swift in Sources */,
				A835A9E71D421B4B009572FD /* PhotoCell.swift in Sources */,
			);
			runOnlyForDeploymentPostprocessing = 0;
		};
		A85518541D27E3A00004AA35 /* Sources */ = {
			isa = PBXSourcesBuildPhase;
			buildActionMask = 2147483647;
			files = (
				A855185D1D27E3A00004AA35 /* VirtualTouristTests.swift in Sources */,
			);
			runOnlyForDeploymentPostprocessing = 0;
		};
		A855185F1D27E3A00004AA35 /* Sources */ = {
			isa = PBXSourcesBuildPhase;
			buildActionMask = 2147483647;
			files = (
				A85518681D27E3A00004AA35 /* VirtualTouristUITests.swift in Sources */,
			);
			runOnlyForDeploymentPostprocessing = 0;
		};
/* End PBXSourcesBuildPhase section */

/* Begin PBXTargetDependency section */
		A855185A1D27E3A00004AA35 /* PBXTargetDependency */ = {
			isa = PBXTargetDependency;
			target = A85518431D27E3A00004AA35 /* VirtualTourist */;
			targetProxy = A85518591D27E3A00004AA35 /* PBXContainerItemProxy */;
		};
		A85518651D27E3A00004AA35 /* PBXTargetDependency */ = {
			isa = PBXTargetDependency;
			target = A85518431D27E3A00004AA35 /* VirtualTourist */;
			targetProxy = A85518641D27E3A00004AA35 /* PBXContainerItemProxy */;
		};
/* End PBXTargetDependency section */

/* Begin PBXVariantGroup section */
		A85518501D27E3A00004AA35 /* LaunchScreen.storyboard */ = {
			isa = PBXVariantGroup;
			children = (
				A85518511D27E3A00004AA35 /* Base */,
			);
			name = LaunchScreen.storyboard;
			sourceTree = "<group>";
		};
/* End PBXVariantGroup section */

/* Begin XCBuildConfiguration section */
		A855186A1D27E3A00004AA35 /* Debug */ = {
			isa = XCBuildConfiguration;
			buildSettings = {
				ALWAYS_SEARCH_USER_PATHS = NO;
				CLANG_ANALYZER_NONNULL = YES;
				CLANG_CXX_LANGUAGE_STANDARD = "gnu++0x";
				CLANG_CXX_LIBRARY = "libc++";
				CLANG_ENABLE_MODULES = YES;
				CLANG_ENABLE_OBJC_ARC = YES;
				CLANG_WARN_BOOL_CONVERSION = YES;
				CLANG_WARN_CONSTANT_CONVERSION = YES;
				CLANG_WARN_DIRECT_OBJC_ISA_USAGE = YES_ERROR;
				CLANG_WARN_EMPTY_BODY = YES;
				CLANG_WARN_ENUM_CONVERSION = YES;
				CLANG_WARN_INT_CONVERSION = YES;
				CLANG_WARN_OBJC_ROOT_CLASS = YES_ERROR;
				CLANG_WARN_UNREACHABLE_CODE = YES;
				CLANG_WARN__DUPLICATE_METHOD_MATCH = YES;
				"CODE_SIGN_IDENTITY[sdk=iphoneos*]" = "iPhone Developer";
				COPY_PHASE_STRIP = NO;
				DEBUG_INFORMATION_FORMAT = dwarf;
				ENABLE_STRICT_OBJC_MSGSEND = YES;
				ENABLE_TESTABILITY = YES;
				GCC_C_LANGUAGE_STANDARD = gnu99;
				GCC_DYNAMIC_NO_PIC = NO;
				GCC_NO_COMMON_BLOCKS = YES;
				GCC_OPTIMIZATION_LEVEL = 0;
				GCC_PREPROCESSOR_DEFINITIONS = (
					"DEBUG=1",
					"$(inherited)",
				);
				GCC_WARN_64_TO_32_BIT_CONVERSION = YES;
				GCC_WARN_ABOUT_RETURN_TYPE = YES_ERROR;
				GCC_WARN_UNDECLARED_SELECTOR = YES;
				GCC_WARN_UNINITIALIZED_AUTOS = YES_AGGRESSIVE;
				GCC_WARN_UNUSED_FUNCTION = YES;
				GCC_WARN_UNUSED_VARIABLE = YES;
				IPHONEOS_DEPLOYMENT_TARGET = 9.3;
				MTL_ENABLE_DEBUG_INFO = YES;
				ONLY_ACTIVE_ARCH = YES;
				SDKROOT = iphoneos;
				SWIFT_OPTIMIZATION_LEVEL = "-Onone";
				TARGETED_DEVICE_FAMILY = "1,2";
			};
			name = Debug;
		};
		A855186B1D27E3A00004AA35 /* Release */ = {
			isa = XCBuildConfiguration;
			buildSettings = {
				ALWAYS_SEARCH_USER_PATHS = NO;
				CLANG_ANALYZER_NONNULL = YES;
				CLANG_CXX_LANGUAGE_STANDARD = "gnu++0x";
				CLANG_CXX_LIBRARY = "libc++";
				CLANG_ENABLE_MODULES = YES;
				CLANG_ENABLE_OBJC_ARC = YES;
				CLANG_WARN_BOOL_CONVERSION = YES;
				CLANG_WARN_CONSTANT_CONVERSION = YES;
				CLANG_WARN_DIRECT_OBJC_ISA_USAGE = YES_ERROR;
				CLANG_WARN_EMPTY_BODY = YES;
				CLANG_WARN_ENUM_CONVERSION = YES;
				CLANG_WARN_INT_CONVERSION = YES;
				CLANG_WARN_OBJC_ROOT_CLASS = YES_ERROR;
				CLANG_WARN_UNREACHABLE_CODE = YES;
				CLANG_WARN__DUPLICATE_METHOD_MATCH = YES;
				"CODE_SIGN_IDENTITY[sdk=iphoneos*]" = "iPhone Developer";
				COPY_PHASE_STRIP = NO;
				DEBUG_INFORMATION_FORMAT = "dwarf-with-dsym";
				ENABLE_NS_ASSERTIONS = NO;
				ENABLE_STRICT_OBJC_MSGSEND = YES;
				GCC_C_LANGUAGE_STANDARD = gnu99;
				GCC_NO_COMMON_BLOCKS = YES;
				GCC_WARN_64_TO_32_BIT_CONVERSION = YES;
				GCC_WARN_ABOUT_RETURN_TYPE = YES_ERROR;
				GCC_WARN_UNDECLARED_SELECTOR = YES;
				GCC_WARN_UNINITIALIZED_AUTOS = YES_AGGRESSIVE;
				GCC_WARN_UNUSED_FUNCTION = YES;
				GCC_WARN_UNUSED_VARIABLE = YES;
				IPHONEOS_DEPLOYMENT_TARGET = 9.3;
				MTL_ENABLE_DEBUG_INFO = NO;
				SDKROOT = iphoneos;
				TARGETED_DEVICE_FAMILY = "1,2";
				VALIDATE_PRODUCT = YES;
			};
			name = Release;
		};
		A855186D1D27E3A00004AA35 /* Debug */ = {
			isa = XCBuildConfiguration;
			buildSettings = {
				ASSETCATALOG_COMPILER_APPICON_NAME = AppIcon;
				INFOPLIST_FILE = VirtualTourist/Info.plist;
				LD_RUNPATH_SEARCH_PATHS = "$(inherited) @executable_path/Frameworks";
				PRODUCT_BUNDLE_IDENTIFIER = Udacity.VirtualTouristV1.0;
				PRODUCT_NAME = "$(TARGET_NAME)";
			};
			name = Debug;
		};
		A855186E1D27E3A00004AA35 /* Release */ = {
			isa = XCBuildConfiguration;
			buildSettings = {
				ASSETCATALOG_COMPILER_APPICON_NAME = AppIcon;
				INFOPLIST_FILE = VirtualTourist/Info.plist;
				LD_RUNPATH_SEARCH_PATHS = "$(inherited) @executable_path/Frameworks";
				PRODUCT_BUNDLE_IDENTIFIER = Udacity.VirtualTouristV1.0;
				PRODUCT_NAME = "$(TARGET_NAME)";
			};
			name = Release;
		};
		A85518701D27E3A00004AA35 /* Debug */ = {
			isa = XCBuildConfiguration;
			buildSettings = {
				BUNDLE_LOADER = "$(TEST_HOST)";
				INFOPLIST_FILE = VirtualTouristTests/Info.plist;
				LD_RUNPATH_SEARCH_PATHS = "$(inherited) @executable_path/Frameworks @loader_path/Frameworks";
				PRODUCT_BUNDLE_IDENTIFIER = Udacity.VirtualTouristTests;
				PRODUCT_NAME = "$(TARGET_NAME)";
				TEST_HOST = "$(BUILT_PRODUCTS_DIR)/VirtualTourist.app/VirtualTourist";
			};
			name = Debug;
		};
		A85518711D27E3A00004AA35 /* Release */ = {
			isa = XCBuildConfiguration;
			buildSettings = {
				BUNDLE_LOADER = "$(TEST_HOST)";
				INFOPLIST_FILE = VirtualTouristTests/Info.plist;
				LD_RUNPATH_SEARCH_PATHS = "$(inherited) @executable_path/Frameworks @loader_path/Frameworks";
				PRODUCT_BUNDLE_IDENTIFIER = Udacity.VirtualTouristTests;
				PRODUCT_NAME = "$(TARGET_NAME)";
				TEST_HOST = "$(BUILT_PRODUCTS_DIR)/VirtualTourist.app/VirtualTourist";
			};
			name = Release;
		};
		A85518731D27E3A00004AA35 /* Debug */ = {
			isa = XCBuildConfiguration;
			buildSettings = {
				INFOPLIST_FILE = VirtualTouristUITests/Info.plist;
				LD_RUNPATH_SEARCH_PATHS = "$(inherited) @executable_path/Frameworks @loader_path/Frameworks";
				PRODUCT_BUNDLE_IDENTIFIER = Udacity.VirtualTouristUITests;
				PRODUCT_NAME = "$(TARGET_NAME)";
				TEST_TARGET_NAME = VirtualTourist;
			};
			name = Debug;
		};
		A85518741D27E3A00004AA35 /* Release */ = {
			isa = XCBuildConfiguration;
			buildSettings = {
				INFOPLIST_FILE = VirtualTouristUITests/Info.plist;
				LD_RUNPATH_SEARCH_PATHS = "$(inherited) @executable_path/Frameworks @loader_path/Frameworks";
				PRODUCT_BUNDLE_IDENTIFIER = Udacity.VirtualTouristUITests;
				PRODUCT_NAME = "$(TARGET_NAME)";
				TEST_TARGET_NAME = VirtualTourist;
			};
			name = Release;
		};
/* End XCBuildConfiguration section */

/* Begin XCConfigurationList section */
		A855183F1D27E3A00004AA35 /* Build configuration list for PBXProject "VirtualTourist" */ = {
			isa = XCConfigurationList;
			buildConfigurations = (
				A855186A1D27E3A00004AA35 /* Debug */,
				A855186B1D27E3A00004AA35 /* Release */,
			);
			defaultConfigurationIsVisible = 0;
			defaultConfigurationName = Release;
		};
		A855186C1D27E3A00004AA35 /* Build configuration list for PBXNativeTarget "VirtualTourist" */ = {
			isa = XCConfigurationList;
			buildConfigurations = (
				A855186D1D27E3A00004AA35 /* Debug */,
				A855186E1D27E3A00004AA35 /* Release */,
			);
			defaultConfigurationIsVisible = 0;
			defaultConfigurationName = Release;
		};
		A855186F1D27E3A00004AA35 /* Build configuration list for PBXNativeTarget "VirtualTouristTests" */ = {
			isa = XCConfigurationList;
			buildConfigurations = (
				A85518701D27E3A00004AA35 /* Debug */,
				A85518711D27E3A00004AA35 /* Release */,
			);
			defaultConfigurationIsVisible = 0;
			defaultConfigurationName = Release;
		};
		A85518721D27E3A00004AA35 /* Build configuration list for PBXNativeTarget "VirtualTouristUITests" */ = {
			isa = XCConfigurationList;
			buildConfigurations = (
				A85518731D27E3A00004AA35 /* Debug */,
				A85518741D27E3A00004AA35 /* Release */,
			);
			defaultConfigurationIsVisible = 0;
			defaultConfigurationName = Release;
		};
/* End XCConfigurationList section */

/* Begin XCVersionGroup section */
		A85518751D27E3F40004AA35 /* Model.xcdatamodeld */ = {
			isa = XCVersionGroup;
			children = (
				A85518761D27E3F40004AA35 /* Model.xcdatamodel */,
			);
			currentVersion = A85518761D27E3F40004AA35 /* Model.xcdatamodel */;
			name = Model.xcdatamodeld;
			path = ../Model.xcdatamodeld;
			sourceTree = "<group>";
			versionGroupType = wrapper.xcdatamodel;
		};
/* End XCVersionGroup section */
	};
	rootObject = A855183C1D27E3A00004AA35 /* Project object */;
}
